# THIS IS AN AUTOGENERATED FILE. DO NOT EDIT THIS FILE DIRECTLY.
# yarn lockfile v1


"@tauri-apps/cli-darwin-arm64@2.0.0-rc.12":
  version "2.0.0-rc.12"
  resolved "https://registry.yarnpkg.com/@tauri-apps/cli-darwin-arm64/-/cli-darwin-arm64-2.0.0-rc.12.tgz#f85661e01a208cc24eb6c4e464bca3924ebd93e6"
  integrity sha512-zYxcAH4reyqKkqCAybggszFWkBvC+ZyZPTWFKXXVQ20MZc1q+e/0UJYC8UKsaumrbi1uptgamvnM8yql56x5QQ==

"@tauri-apps/cli-darwin-x64@2.0.0-rc.12":
  version "2.0.0-rc.12"
  resolved "https://registry.yarnpkg.com/@tauri-apps/cli-darwin-x64/-/cli-darwin-x64-2.0.0-rc.12.tgz#690ff4c91c187a9e3d42f490c573e7962c38784d"
  integrity sha512-eme7pQzEzeGCk13V3uxUNRnkVZJukqwHotqEb2RdovXqJWSyESrighBy4PBG5Xn6wNYTOyoquY9+In4TOfJAzw==

"@tauri-apps/cli-linux-arm-gnueabihf@2.0.0-rc.12":
  version "2.0.0-rc.12"
  resolved "https://registry.yarnpkg.com/@tauri-apps/cli-linux-arm-gnueabihf/-/cli-linux-arm-gnueabihf-2.0.0-rc.12.tgz#5d533f1db8f5023a559b51ca9d8cb2940576b6f6"
  integrity sha512-113T2NsLeoy6GXsqc0yjMoozt+KXzkAtUB7DL9Kcvx9IMfA87cUVaTNjnb2GFsoQqpCWGfHei3nr9n1PGEbwMg==

"@tauri-apps/cli-linux-arm64-gnu@2.0.0-rc.12":
  version "2.0.0-rc.12"
  resolved "https://registry.yarnpkg.com/@tauri-apps/cli-linux-arm64-gnu/-/cli-linux-arm64-gnu-2.0.0-rc.12.tgz#a036f203acf64297dad2ea69696cc5239cd7267c"
  integrity sha512-9TrUyNg0vmsYF7IbG+/sybEeiz6ikA1Kjd6JjC4iwfXjRff8fuTR7CIOb06imabxbLzGP79qSAnGAeTXz8E7qA==

"@tauri-apps/cli-linux-arm64-musl@2.0.0-rc.12":
  version "2.0.0-rc.12"
  resolved "https://registry.yarnpkg.com/@tauri-apps/cli-linux-arm64-musl/-/cli-linux-arm64-musl-2.0.0-rc.12.tgz#5cd985a72b67ace19476cba9b7b4b8263988c856"
  integrity sha512-YvE40+wdkNcXhwUAJNPyhNzJ8YS3saJoxGj7mtNQeNeNrKhxyj6hA5T6gw9KtMkwBOp+HGtqn+eDXiu0X7BBHQ==

"@tauri-apps/cli-linux-x64-gnu@2.0.0-rc.12":
  version "2.0.0-rc.12"
  resolved "https://registry.yarnpkg.com/@tauri-apps/cli-linux-x64-gnu/-/cli-linux-x64-gnu-2.0.0-rc.12.tgz#96659df12daba87a927d094e77be28391b9c3929"
  integrity sha512-q+MJp/lSA5WINs78dCFMlU0/jQeUkGr9GHbKeppcVcpkcY/1vog70b4KhneyvbuklKBn/V8kd0FtIKCn8VP+KQ==

"@tauri-apps/cli-linux-x64-musl@2.0.0-rc.12":
  version "2.0.0-rc.12"
  resolved "https://registry.yarnpkg.com/@tauri-apps/cli-linux-x64-musl/-/cli-linux-x64-musl-2.0.0-rc.12.tgz#018190aa8613271e86cdf2b242833ce42943a64c"
  integrity sha512-5zodtleH2GFsB9lszDYrzPTLcr+MMqtpQpJWHATC1K03bLEA8ia8zSdBqRwm7u8NraMLl8TE7hc7hwq0uxGEcg==

"@tauri-apps/cli-win32-arm64-msvc@2.0.0-rc.12":
  version "2.0.0-rc.12"
  resolved "https://registry.yarnpkg.com/@tauri-apps/cli-win32-arm64-msvc/-/cli-win32-arm64-msvc-2.0.0-rc.12.tgz#8a11addeb567e9994cca6f4914a05309cd4d3fe5"
  integrity sha512-nSu6VHpuq61DYM2YowLDLDwkK8im7dzYxIHXs+h8/rhkmadTujGhbyUhHPI1STA6hNyITUtSFpo6P2mEbfpAIg==

"@tauri-apps/cli-win32-ia32-msvc@2.0.0-rc.12":
  version "2.0.0-rc.12"
  resolved "https://registry.yarnpkg.com/@tauri-apps/cli-win32-ia32-msvc/-/cli-win32-ia32-msvc-2.0.0-rc.12.tgz#7ad089b9418841d5e83fa794f36b3e5b23afcd55"
  integrity sha512-d/4y57OisMuB+MUkTpZsryQRi9ZQXQ8SsMhrvEgu8sbX8/WRm0iZyGuIZ01RlZZHLIasXbKTkPX+hPQC5Juk8Q==

"@tauri-apps/cli-win32-x64-msvc@2.0.0-rc.12":
  version "2.0.0-rc.12"
  resolved "https://registry.yarnpkg.com/@tauri-apps/cli-win32-x64-msvc/-/cli-win32-x64-msvc-2.0.0-rc.12.tgz#97cc138ef0453fdf8cfa514655c0bd266f92df46"
  integrity sha512-RsPUvsbFza03ysh0nU2nM3P2CVWz9cu7CRHwOEdtXjWWNREHUYCaVpqQKz0tn2sG19yXiNIB40iqrIBUmb/IoA==

"@tauri-apps/cli@^2.0.0-rc.12":
  version "2.0.0-rc.12"
  resolved "https://registry.yarnpkg.com/@tauri-apps/cli/-/cli-2.0.0-rc.12.tgz#dd619d883e63a1510c2077811b5c51eee8105a56"
  integrity sha512-rNcVSyGHGz8vNk542isYKPk5fEMAsgmzER+1s9YYbGZCH7m4e0rH89p/P9W40I/Z4AZk4ZqjpEeajeS5izDI4g==
  optionalDependencies:
    "@tauri-apps/cli-darwin-arm64" "2.0.0-rc.12"
    "@tauri-apps/cli-darwin-x64" "2.0.0-rc.12"
    "@tauri-apps/cli-linux-arm-gnueabihf" "2.0.0-rc.12"
    "@tauri-apps/cli-linux-arm64-gnu" "2.0.0-rc.12"
    "@tauri-apps/cli-linux-arm64-musl" "2.0.0-rc.12"
    "@tauri-apps/cli-linux-x64-gnu" "2.0.0-rc.12"
    "@tauri-apps/cli-linux-x64-musl" "2.0.0-rc.12"
    "@tauri-apps/cli-win32-arm64-msvc" "2.0.0-rc.12"
    "@tauri-apps/cli-win32-ia32-msvc" "2.0.0-rc.12"
    "@tauri-apps/cli-win32-x64-msvc" "2.0.0-rc.12"
